github.com/queone/governa-buildtool v1.1.1 h1:xEc5W68xqLiXHV5QVtC3AEu6b8J2bpIgHtAQj/Kbe0M=
github.com/queone/governa-buildtool v1.1.1/go.mod h1:wwQCNyfHytjUFOjjrrgbIxdOLXMcTJkbaB3jcxDuudo=
github.com/queone/governa-reltool v1.1.1 h1:u6k9xt5qkMRoDuqZ3y3Cwxq/f00u6BgTu1KuoEPzs+s=
github.com/queone/governa-reltool v1.1.1/go.mod h1:DyxFBnuSvbCMbmdtU23Pd7xGDweHwb1yRh663rb4/zo=
